
Microsoft Visual Studio Solution File, Format Version 12.00
# Visual Studio Version 16
VisualStudioVersion = 16.0.29001.49
MinimumVisualStudioVersion = 10.0.40219.1
Project("{FAE04EC0-301F-11D3-BF4B-00C04F79EFBC}") = "Visibilidad", "Visibilidad\Visibilidad.csproj", "{7D528E95-50C4-4E95-8D5D-E036C246281B}"
EndProject
Global
	GlobalSection(SolutionConfigurationPlatforms) = preSolution
		Debug|Any CPU = Debug|Any CPU
		Release|Any CPU = Release|Any CPU
	EndGlobalSection
	GlobalSection(ProjectConfigurationPlatforms) = postSolution
		{7D528E95-50C4-4E95-8D5D-E036C246281B}.Debug|Any CPU.ActiveCfg = Debug|Any CPU
		{7D528E95-50C4-4E95-8D5D-E036C246281B}.Debug|Any CPU.Build.0 = Debug|Any CPU
		{7D528E95-50C4-4E95-8D5D-E036C246281B}.Release|Any CPU.ActiveCfg = Release|Any CPU
		{7D528E95-50C4-4E95-8D5D-E036C246281B}.Release|Any CPU.Build.0 = Release|Any CPU
	EndGlobalSection
	GlobalSection(SolutionProperties) = preSolution
		HideSolutionNode = FALSE
	EndGlobalSection
	GlobalSection(ExtensibilityGlobals) = postSolution
		SolutionGuid = {2EEC90CF-9D71-42DF-AA42-728339782B1E}
	EndGlobalSection
EndGlobal
